code.ewintr.nl/go-kit v0.0.0-20240308074309-a1328c3c44c6 h1:qZwAicZOd18o9qWCU3pSj/QnrSNLCAMAOPJvyLgBQ0U=
code.ewintr.nl/go-kit v0.0.0-20240308074309-a1328c3c44c6/go.mod h1:Yk8Mdn1f4/L9tcymurtItqevVkac6P9ljh2Sd3T+FS8=
golang.org/x/text v0.14.0 h1:ScX5w1eTa3QqT8oi6+ziP7dTV1S2+ALU0bI+0zXKWiQ=
golang.org/x/text v0.14.0/go.mod h1:18ZOQIKpY8NJVqYksKHtTdi31H5itFRjB5/qKTNYzSU=
